// !$*UTF8*$!
{
	archiveVersion = 1;
	classes = {
	};
	objectVersion = 56;
	objects = {

/* Begin PBXBuildFile section */
		A5ECA8B8B9F6BDBEE977CA92 /* Pods_StorageService.framework in Frameworks */ = {isa = PBXBuildFile; fileRef = 92122EE9C1C2534B938F12A5 /* Pods_StorageService.framework */; };
		DF2AC8C02988043700037272 /* iOSIntPackage in Frameworks */ = {isa = PBXBuildFile; productRef = DF2AC8BF2988043700037272 /* iOSIntPackage */; };
		DF3F8ED029117EB0008B9755 /* AppDelegate.swift in Sources */ = {isa = PBXBuildFile; fileRef = DF3F8ECF29117EB0008B9755 /* AppDelegate.swift */; };
		DF3F8ED229117EB0008B9755 /* SceneDelegate.swift in Sources */ = {isa = PBXBuildFile; fileRef = DF3F8ED129117EB0008B9755 /* SceneDelegate.swift */; };
		DF3F8ED429117EB0008B9755 /* ViewController.swift in Sources */ = {isa = PBXBuildFile; fileRef = DF3F8ED329117EB0008B9755 /* ViewController.swift */; };
		DF3F8ED929117EB5008B9755 /* Assets.xcassets in Resources */ = {isa = PBXBuildFile; fileRef = DF3F8ED829117EB5008B9755 /* Assets.xcassets */; };
		DF3F8EE429117F2C008B9755 /* MainTabBarController.swift in Sources */ = {isa = PBXBuildFile; fileRef = DF3F8EE329117F2C008B9755 /* MainTabBarController.swift */; };
		DF3F8EE629117F4C008B9755 /* FeedViewController.swift in Sources */ = {isa = PBXBuildFile; fileRef = DF3F8EE529117F4C008B9755 /* FeedViewController.swift */; };
		DF3F8EE829117F65008B9755 /* PostViewController.swift in Sources */ = {isa = PBXBuildFile; fileRef = DF3F8EE729117F65008B9755 /* PostViewController.swift */; };
		DF3F8EEC29117F9D008B9755 /* InfoViewController.swift in Sources */ = {isa = PBXBuildFile; fileRef = DF3F8EEB29117F9D008B9755 /* InfoViewController.swift */; };
		DF3F8EF129118211008B9755 /* ProfileHeaderView.swift in Sources */ = {isa = PBXBuildFile; fileRef = DF3F8EF029118211008B9755 /* ProfileHeaderView.swift */; };
		DF3F8EF329118224008B9755 /* ProfileViewController.swift in Sources */ = {isa = PBXBuildFile; fileRef = DF3F8EF229118224008B9755 /* ProfileViewController.swift */; };
		DFAAA5FD292789090090B5C9 /* PostVK.swift in Sources */ = {isa = PBXBuildFile; fileRef = DFAAA5FC292789090090B5C9 /* PostVK.swift */; };
		DFAAA5FF29278A290090B5C9 /* PostTableViewCell.swift in Sources */ = {isa = PBXBuildFile; fileRef = DFAAA5FE29278A290090B5C9 /* PostTableViewCell.swift */; };
		DFAAA601292A04B90090B5C9 /* PhotosTableViewCell.swift in Sources */ = {isa = PBXBuildFile; fileRef = DFAAA600292A04B90090B5C9 /* PhotosTableViewCell.swift */; };
		DFAAA603292A05020090B5C9 /* PhotosViewController.swift in Sources */ = {isa = PBXBuildFile; fileRef = DFAAA602292A05020090B5C9 /* PhotosViewController.swift */; };
		DFAAA605292A05750090B5C9 /* PhotosCollectionViewCell.swift in Sources */ = {isa = PBXBuildFile; fileRef = DFAAA604292A05750090B5C9 /* PhotosCollectionViewCell.swift */; };
		DFAAA607292A15790090B5C9 /* Photo.swift in Sources */ = {isa = PBXBuildFile; fileRef = DFAAA606292A15790090B5C9 /* Photo.swift */; };
		DFDE2A20292347B200F540B6 /* TextField.swift in Sources */ = {isa = PBXBuildFile; fileRef = DFDE2A1F292347B200F540B6 /* TextField.swift */; };
		DFDE2A222923548300F540B6 /* LogInViewController.swift in Sources */ = {isa = PBXBuildFile; fileRef = DFDE2A212923548300F540B6 /* LogInViewController.swift */; };
		DFF120D9297167FF003FD98F /* StorageService.docc in Sources */ = {isa = PBXBuildFile; fileRef = DFF120D8297167FF003FD98F /* StorageService.docc */; };
		DFF120DA297167FF003FD98F /* StorageService.h in Headers */ = {isa = PBXBuildFile; fileRef = DFF120D7297167FF003FD98F /* StorageService.h */; settings = {ATTRIBUTES = (Public, ); }; };
		DFF120DD297167FF003FD98F /* StorageService.framework in Frameworks */ = {isa = PBXBuildFile; fileRef = DFF120D5297167FF003FD98F /* StorageService.framework */; };
		DFF120DE297167FF003FD98F /* StorageService.framework in Embed Frameworks */ = {isa = PBXBuildFile; fileRef = DFF120D5297167FF003FD98F /* StorageService.framework */; settings = {ATTRIBUTES = (CodeSignOnCopy, RemoveHeadersOnCopy, ); }; };
		DFF120E4297168D7003FD98F /* Post.swift in Sources */ = {isa = PBXBuildFile; fileRef = DFF120E3297168D7003FD98F /* Post.swift */; };
		E248E63D1C56131CD84DA050 /* Pods_Navigation.framework in Frameworks */ = {isa = PBXBuildFile; fileRef = F95C387010FE0D8D00438D1A /* Pods_Navigation.framework */; };
/* End PBXBuildFile section */

/* Begin PBXContainerItemProxy section */
		DFF120DB297167FF003FD98F /* PBXContainerItemProxy */ = {
			isa = PBXContainerItemProxy;
			containerPortal = DF3F8EC429117EB0008B9755 /* Project object */;
			proxyType = 1;
			remoteGlobalIDString = DFF120D4297167FF003FD98F;
			remoteInfo = StorageService;
		};
/* End PBXContainerItemProxy section */

/* Begin PBXCopyFilesBuildPhase section */
		DF898E5C295D614E00B77C89 /* Embed Frameworks */ = {
			isa = PBXCopyFilesBuildPhase;
			buildActionMask = 2147483647;
			dstPath = "";
			dstSubfolderSpec = 10;
			files = (
				DFF120DE297167FF003FD98F /* StorageService.framework in Embed Frameworks */,
			);
			name = "Embed Frameworks";
			runOnlyForDeploymentPostprocessing = 0;
		};
/* End PBXCopyFilesBuildPhase section */

/* Begin PBXFileReference section */
		42676BF37650372E0D270088 /* Pods-Navigation.debug.xcconfig */ = {isa = PBXFileReference; includeInIndex = 1; lastKnownFileType = text.xcconfig; name = "Pods-Navigation.debug.xcconfig"; path = "Target Support Files/Pods-Navigation/Pods-Navigation.debug.xcconfig"; sourceTree = "<group>"; };
		802CE9FD6422342D3B6F6A1D /* Pods-StorageService.debug.xcconfig */ = {isa = PBXFileReference; includeInIndex = 1; lastKnownFileType = text.xcconfig; name = "Pods-StorageService.debug.xcconfig"; path = "Target Support Files/Pods-StorageService/Pods-StorageService.debug.xcconfig"; sourceTree = "<group>"; };
		92122EE9C1C2534B938F12A5 /* Pods_StorageService.framework */ = {isa = PBXFileReference; explicitFileType = wrapper.framework; includeInIndex = 0; path = Pods_StorageService.framework; sourceTree = BUILT_PRODUCTS_DIR; };
		B393676D1A74A748CFEF5F04 /* Pods-Navigation.release.xcconfig */ = {isa = PBXFileReference; includeInIndex = 1; lastKnownFileType = text.xcconfig; name = "Pods-Navigation.release.xcconfig"; path = "Target Support Files/Pods-Navigation/Pods-Navigation.release.xcconfig"; sourceTree = "<group>"; };
		DF3F8ECC29117EB0008B9755 /* Navigation.app */ = {isa = PBXFileReference; explicitFileType = wrapper.application; includeInIndex = 0; path = Navigation.app; sourceTree = BUILT_PRODUCTS_DIR; };
		DF3F8ECF29117EB0008B9755 /* AppDelegate.swift */ = {isa = PBXFileReference; lastKnownFileType = sourcecode.swift; path = AppDelegate.swift; sourceTree = "<group>"; };
		DF3F8ED129117EB0008B9755 /* SceneDelegate.swift */ = {isa = PBXFileReference; lastKnownFileType = sourcecode.swift; path = SceneDelegate.swift; sourceTree = "<group>"; };
		DF3F8ED329117EB0008B9755 /* ViewController.swift */ = {isa = PBXFileReference; lastKnownFileType = sourcecode.swift; path = ViewController.swift; sourceTree = "<group>"; };
		DF3F8ED829117EB5008B9755 /* Assets.xcassets */ = {isa = PBXFileReference; lastKnownFileType = folder.assetcatalog; path = Assets.xcassets; sourceTree = "<group>"; };
		DF3F8EDB29117EB5008B9755 /* Base */ = {isa = PBXFileReference; lastKnownFileType = file.storyboard; name = Base; path = Base.lproj/LaunchScreen.storyboard; sourceTree = "<group>"; };
		DF3F8EDD29117EB5008B9755 /* Info.plist */ = {isa = PBXFileReference; lastKnownFileType = text.plist.xml; path = Info.plist; sourceTree = "<group>"; };
		DF3F8EE329117F2C008B9755 /* MainTabBarController.swift */ = {isa = PBXFileReference; lastKnownFileType = sourcecode.swift; path = MainTabBarController.swift; sourceTree = "<group>"; };
		DF3F8EE529117F4C008B9755 /* FeedViewController.swift */ = {isa = PBXFileReference; lastKnownFileType = sourcecode.swift; path = FeedViewController.swift; sourceTree = "<group>"; };
		DF3F8EE729117F65008B9755 /* PostViewController.swift */ = {isa = PBXFileReference; lastKnownFileType = sourcecode.swift; path = PostViewController.swift; sourceTree = "<group>"; };
		DF3F8EEB29117F9D008B9755 /* InfoViewController.swift */ = {isa = PBXFileReference; lastKnownFileType = sourcecode.swift; path = InfoViewController.swift; sourceTree = "<group>"; };
		DF3F8EF029118211008B9755 /* ProfileHeaderView.swift */ = {isa = PBXFileReference; lastKnownFileType = sourcecode.swift; path = ProfileHeaderView.swift; sourceTree = "<group>"; };
		DF3F8EF229118224008B9755 /* ProfileViewController.swift */ = {isa = PBXFileReference; lastKnownFileType = sourcecode.swift; path = ProfileViewController.swift; sourceTree = "<group>"; };
		DFAAA5FC292789090090B5C9 /* PostVK.swift */ = {isa = PBXFileReference; lastKnownFileType = sourcecode.swift; path = PostVK.swift; sourceTree = "<group>"; };
		DFAAA5FE29278A290090B5C9 /* PostTableViewCell.swift */ = {isa = PBXFileReference; lastKnownFileType = sourcecode.swift; path = PostTableViewCell.swift; sourceTree = "<group>"; };
		DFAAA600292A04B90090B5C9 /* PhotosTableViewCell.swift */ = {isa = PBXFileReference; lastKnownFileType = sourcecode.swift; path = PhotosTableViewCell.swift; sourceTree = "<group>"; };
		DFAAA602292A05020090B5C9 /* PhotosViewController.swift */ = {isa = PBXFileReference; lastKnownFileType = sourcecode.swift; path = PhotosViewController.swift; sourceTree = "<group>"; };
		DFAAA604292A05750090B5C9 /* PhotosCollectionViewCell.swift */ = {isa = PBXFileReference; lastKnownFileType = sourcecode.swift; path = PhotosCollectionViewCell.swift; sourceTree = "<group>"; };
		DFAAA606292A15790090B5C9 /* Photo.swift */ = {isa = PBXFileReference; lastKnownFileType = sourcecode.swift; path = Photo.swift; sourceTree = "<group>"; };
		DFDE2A1F292347B200F540B6 /* TextField.swift */ = {isa = PBXFileReference; lastKnownFileType = sourcecode.swift; path = TextField.swift; sourceTree = "<group>"; };
		DFDE2A212923548300F540B6 /* LogInViewController.swift */ = {isa = PBXFileReference; lastKnownFileType = sourcecode.swift; path = LogInViewController.swift; sourceTree = "<group>"; };
		DFF120D5297167FF003FD98F /* StorageService.framework */ = {isa = PBXFileReference; explicitFileType = wrapper.framework; includeInIndex = 0; path = StorageService.framework; sourceTree = BUILT_PRODUCTS_DIR; };
		DFF120D7297167FF003FD98F /* StorageService.h */ = {isa = PBXFileReference; lastKnownFileType = sourcecode.c.h; path = StorageService.h; sourceTree = "<group>"; };
		DFF120D8297167FF003FD98F /* StorageService.docc */ = {isa = PBXFileReference; lastKnownFileType = folder.documentationcatalog; path = StorageService.docc; sourceTree = "<group>"; };
		DFF120E3297168D7003FD98F /* Post.swift */ = {isa = PBXFileReference; lastKnownFileType = sourcecode.swift; path = Post.swift; sourceTree = "<group>"; };
		F894DB15FC66DED8742F7F0D /* Pods-StorageService.release.xcconfig */ = {isa = PBXFileReference; includeInIndex = 1; lastKnownFileType = text.xcconfig; name = "Pods-StorageService.release.xcconfig"; path = "Target Support Files/Pods-StorageService/Pods-StorageService.release.xcconfig"; sourceTree = "<group>"; };
		F95C387010FE0D8D00438D1A /* Pods_Navigation.framework */ = {isa = PBXFileReference; explicitFileType = wrapper.framework; includeInIndex = 0; path = Pods_Navigation.framework; sourceTree = BUILT_PRODUCTS_DIR; };
/* End PBXFileReference section */

/* Begin PBXFrameworksBuildPhase section */
		DF3F8EC929117EB0008B9755 /* Frameworks */ = {
			isa = PBXFrameworksBuildPhase;
			buildActionMask = 2147483647;
			files = (
				DF2AC8C02988043700037272 /* iOSIntPackage in Frameworks */,
				DFF120DD297167FF003FD98F /* StorageService.framework in Frameworks */,
				E248E63D1C56131CD84DA050 /* Pods_Navigation.framework in Frameworks */,
			);
			runOnlyForDeploymentPostprocessing = 0;
		};
		DFF120D2297167FF003FD98F /* Frameworks */ = {
			isa = PBXFrameworksBuildPhase;
			buildActionMask = 2147483647;
			files = (
				A5ECA8B8B9F6BDBEE977CA92 /* Pods_StorageService.framework in Frameworks */,
			);
			runOnlyForDeploymentPostprocessing = 0;
		};
/* End PBXFrameworksBuildPhase section */

/* Begin PBXGroup section */
		A3C3DBE22B73A789E23F4D05 /* Pods */ = {
			isa = PBXGroup;
			children = (
				42676BF37650372E0D270088 /* Pods-Navigation.debug.xcconfig */,
				B393676D1A74A748CFEF5F04 /* Pods-Navigation.release.xcconfig */,
				802CE9FD6422342D3B6F6A1D /* Pods-StorageService.debug.xcconfig */,
				F894DB15FC66DED8742F7F0D /* Pods-StorageService.release.xcconfig */,
			);
			path = Pods;
			sourceTree = "<group>";
		};
		DF3F8EC329117EB0008B9755 = {
			isa = PBXGroup;
			children = (
				DF3F8ECE29117EB0008B9755 /* Navigation */,
				DFF120D6297167FF003FD98F /* StorageService */,
				DF3F8ECD29117EB0008B9755 /* Products */,
				A3C3DBE22B73A789E23F4D05 /* Pods */,
				F11540628D9A805DF7B62567 /* Frameworks */,
			);
			sourceTree = "<group>";
		};
		DF3F8ECD29117EB0008B9755 /* Products */ = {
			isa = PBXGroup;
			children = (
				DF3F8ECC29117EB0008B9755 /* Navigation.app */,
				DFF120D5297167FF003FD98F /* StorageService.framework */,
			);
			name = Products;
			sourceTree = "<group>";
		};
		DF3F8ECE29117EB0008B9755 /* Navigation */ = {
			isa = PBXGroup;
			children = (
				DF3F8ECF29117EB0008B9755 /* AppDelegate.swift */,
				DF3F8ED129117EB0008B9755 /* SceneDelegate.swift */,
				DF3F8EE329117F2C008B9755 /* MainTabBarController.swift */,
				DF3F8EE529117F4C008B9755 /* FeedViewController.swift */,
				DF3F8EE729117F65008B9755 /* PostViewController.swift */,
				DF3F8EEB29117F9D008B9755 /* InfoViewController.swift */,
				DF3F8ED329117EB0008B9755 /* ViewController.swift */,
				DF3F8EEF291181F1008B9755 /* Profile */,
				DF3F8ED829117EB5008B9755 /* Assets.xcassets */,
				DF3F8EDA29117EB5008B9755 /* LaunchScreen.storyboard */,
				DF3F8EDD29117EB5008B9755 /* Info.plist */,
			);
			path = Navigation;
			sourceTree = "<group>";
		};
		DF3F8EEF291181F1008B9755 /* Profile */ = {
			isa = PBXGroup;
			children = (
				DFAAA602292A05020090B5C9 /* PhotosViewController.swift */,
				DFAAA600292A04B90090B5C9 /* PhotosTableViewCell.swift */,
				DFAAA604292A05750090B5C9 /* PhotosCollectionViewCell.swift */,
				DFAAA606292A15790090B5C9 /* Photo.swift */,
				DFDE2A1F292347B200F540B6 /* TextField.swift */,
				DF3F8EF029118211008B9755 /* ProfileHeaderView.swift */,
				DFAAA5FE29278A290090B5C9 /* PostTableViewCell.swift */,
				DFAAA5FC292789090090B5C9 /* PostVK.swift */,
				DFDE2A212923548300F540B6 /* LogInViewController.swift */,
				DF3F8EF229118224008B9755 /* ProfileViewController.swift */,
			);
			path = Profile;
			sourceTree = "<group>";
		};
		DFF120D6297167FF003FD98F /* StorageService */ = {
			isa = PBXGroup;
			children = (
				DFF120D7297167FF003FD98F /* StorageService.h */,
				DFF120E229716864003FD98F /* Post */,
				DFF120D8297167FF003FD98F /* StorageService.docc */,
			);
			path = StorageService;
			sourceTree = "<group>";
		};
		DFF120E229716864003FD98F /* Post */ = {
			isa = PBXGroup;
			children = (
				DFF120E3297168D7003FD98F /* Post.swift */,
			);
			path = Post;
			sourceTree = "<group>";
		};
		F11540628D9A805DF7B62567 /* Frameworks */ = {
			isa = PBXGroup;
			children = (
				F95C387010FE0D8D00438D1A /* Pods_Navigation.framework */,
				92122EE9C1C2534B938F12A5 /* Pods_StorageService.framework */,
			);
			name = Frameworks;
			sourceTree = "<group>";
		};
/* End PBXGroup section */

/* Begin PBXHeadersBuildPhase section */
		DFF120D0297167FF003FD98F /* Headers */ = {
			isa = PBXHeadersBuildPhase;
			buildActionMask = 2147483647;
			files = (
				DFF120DA297167FF003FD98F /* StorageService.h in Headers */,
			);
			runOnlyForDeploymentPostprocessing = 0;
		};
/* End PBXHeadersBuildPhase section */

/* Begin PBXNativeTarget section */
		DF3F8ECB29117EB0008B9755 /* Navigation */ = {
			isa = PBXNativeTarget;
			buildConfigurationList = DF3F8EE029117EB5008B9755 /* Build configuration list for PBXNativeTarget "Navigation" */;
			buildPhases = (
				FD6166E4724BA36A992ECF36 /* [CP] Check Pods Manifest.lock */,
				DF3F8EC829117EB0008B9755 /* Sources */,
				DF3F8EC929117EB0008B9755 /* Frameworks */,
				DF3F8ECA29117EB0008B9755 /* Resources */,
				DF898E5C295D614E00B77C89 /* Embed Frameworks */,
				7C182844C9868F30926C6129 /* [CP] Embed Pods Frameworks */,
			);
			buildRules = (
			);
			dependencies = (
				DFF120DC297167FF003FD98F /* PBXTargetDependency */,
			);
			name = Navigation;
			packageProductDependencies = (
				DF2AC8BF2988043700037272 /* iOSIntPackage */,
			);
			productName = Navigation;
			productReference = DF3F8ECC29117EB0008B9755 /* Navigation.app */;
			productType = "com.apple.product-type.application";
		};
		DFF120D4297167FF003FD98F /* StorageService */ = {
			isa = PBXNativeTarget;
			buildConfigurationList = DFF120DF297167FF003FD98F /* Build configuration list for PBXNativeTarget "StorageService" */;
			buildPhases = (
				246C3A4321086FE359D3C36B /* [CP] Check Pods Manifest.lock */,
				DFF120D0297167FF003FD98F /* Headers */,
				DFF120D1297167FF003FD98F /* Sources */,
				DFF120D2297167FF003FD98F /* Frameworks */,
				DFF120D3297167FF003FD98F /* Resources */,
			);
			buildRules = (
			);
			dependencies = (
			);
			name = StorageService;
			productName = StorageService;
			productReference = DFF120D5297167FF003FD98F /* StorageService.framework */;
			productType = "com.apple.product-type.framework";
		};
/* End PBXNativeTarget section */

/* Begin PBXProject section */
		DF3F8EC429117EB0008B9755 /* Project object */ = {
			isa = PBXProject;
			attributes = {
				BuildIndependentTargetsInParallel = 1;
				LastSwiftUpdateCheck = 1400;
				LastUpgradeCheck = 1400;
				TargetAttributes = {
					DF3F8ECB29117EB0008B9755 = {
						CreatedOnToolsVersion = 14.0.1;
					};
					DFF120D4297167FF003FD98F = {
						CreatedOnToolsVersion = 14.0.1;
					};
				};
			};
			buildConfigurationList = DF3F8EC729117EB0008B9755 /* Build configuration list for PBXProject "Navigation" */;
			compatibilityVersion = "Xcode 14.0";
			developmentRegion = en;
			hasScannedForEncodings = 0;
			knownRegions = (
				en,
				Base,
			);
			mainGroup = DF3F8EC329117EB0008B9755;
			packageReferences = (
				DF2AC8BE2988043700037272 /* XCRemoteSwiftPackageReference "iOSIntPackage" */,
			);
			productRefGroup = DF3F8ECD29117EB0008B9755 /* Products */;
			projectDirPath = "";
			projectRoot = "";
			targets = (
				DF3F8ECB29117EB0008B9755 /* Navigation */,
				DFF120D4297167FF003FD98F /* StorageService */,
			);
		};
/* End PBXProject section */

/* Begin PBXResourcesBuildPhase section */
		DF3F8ECA29117EB0008B9755 /* Resources */ = {
			isa = PBXResourcesBuildPhase;
			buildActionMask = 2147483647;
			files = (
				DF3F8ED929117EB5008B9755 /* Assets.xcassets in Resources */,
			);
			runOnlyForDeploymentPostprocessing = 0;
		};
		DFF120D3297167FF003FD98F /* Resources */ = {
			isa = PBXResourcesBuildPhase;
			buildActionMask = 2147483647;
			files = (
			);
			runOnlyForDeploymentPostprocessing = 0;
		};
/* End PBXResourcesBuildPhase section */

/* Begin PBXShellScriptBuildPhase section */
		246C3A4321086FE359D3C36B /* [CP] Check Pods Manifest.lock */ = {
			isa = PBXShellScriptBuildPhase;
			buildActionMask = 2147483647;
			files = (
			);
			inputFileListPaths = (
			);
			inputPaths = (
				"${PODS_PODFILE_DIR_PATH}/Podfile.lock",
				"${PODS_ROOT}/Manifest.lock",
			);
			name = "[CP] Check Pods Manifest.lock";
			outputFileListPaths = (
			);
			outputPaths = (
				"$(DERIVED_FILE_DIR)/Pods-StorageService-checkManifestLockResult.txt",
			);
			runOnlyForDeploymentPostprocessing = 0;
			shellPath = /bin/sh;
			shellScript = "diff \"${PODS_PODFILE_DIR_PATH}/Podfile.lock\" \"${PODS_ROOT}/Manifest.lock\" > /dev/null\nif [ $? != 0 ] ; then\n    # print error to STDERR\n    echo \"error: The sandbox is not in sync with the Podfile.lock. Run 'pod install' or update your CocoaPods installation.\" >&2\n    exit 1\nfi\n# This output is used by Xcode 'outputs' to avoid re-running this script phase.\necho \"SUCCESS\" > \"${SCRIPT_OUTPUT_FILE_0}\"\n";
			showEnvVarsInLog = 0;
		};
		7C182844C9868F30926C6129 /* [CP] Embed Pods Frameworks */ = {
			isa = PBXShellScriptBuildPhase;
			buildActionMask = 2147483647;
			files = (
			);
			inputFileListPaths = (
				"${PODS_ROOT}/Target Support Files/Pods-Navigation/Pods-Navigation-frameworks-${CONFIGURATION}-input-files.xcfilelist",
			);
			name = "[CP] Embed Pods Frameworks";
			outputFileListPaths = (
				"${PODS_ROOT}/Target Support Files/Pods-Navigation/Pods-Navigation-frameworks-${CONFIGURATION}-output-files.xcfilelist",
			);
			runOnlyForDeploymentPostprocessing = 0;
			shellPath = /bin/sh;
			shellScript = "\"${PODS_ROOT}/Target Support Files/Pods-Navigation/Pods-Navigation-frameworks.sh\"\n";
			showEnvVarsInLog = 0;
		};
		FD6166E4724BA36A992ECF36 /* [CP] Check Pods Manifest.lock */ = {
			isa = PBXShellScriptBuildPhase;
			buildActionMask = 2147483647;
			files = (
			);
			inputFileListPaths = (
			);
			inputPaths = (
				"${PODS_PODFILE_DIR_PATH}/Podfile.lock",
				"${PODS_ROOT}/Manifest.lock",
			);
			name = "[CP] Check Pods Manifest.lock";
			outputFileListPaths = (
			);
			outputPaths = (
				"$(DERIVED_FILE_DIR)/Pods-Navigation-checkManifestLockResult.txt",
			);
			runOnlyForDeploymentPostprocessing = 0;
			shellPath = /bin/sh;
			shellScript = "diff \"${PODS_PODFILE_DIR_PATH}/Podfile.lock\" \"${PODS_ROOT}/Manifest.lock\" > /dev/null\nif [ $? != 0 ] ; then\n    # print error to STDERR\n    echo \"error: The sandbox is not in sync with the Podfile.lock. Run 'pod install' or update your CocoaPods installation.\" >&2\n    exit 1\nfi\n# This output is used by Xcode 'outputs' to avoid re-running this script phase.\necho \"SUCCESS\" > \"${SCRIPT_OUTPUT_FILE_0}\"\n";
			showEnvVarsInLog = 0;
		};
/* End PBXShellScriptBuildPhase section */

/* Begin PBXSourcesBuildPhase section */
		DF3F8EC829117EB0008B9755 /* Sources */ = {
			isa = PBXSourcesBuildPhase;
			buildActionMask = 2147483647;
			files = (
				DFAAA601292A04B90090B5C9 /* PhotosTableViewCell.swift in Sources */,
				DFAAA603292A05020090B5C9 /* PhotosViewController.swift in Sources */,
				DFDE2A222923548300F540B6 /* LogInViewController.swift in Sources */,
				DF3F8EE829117F65008B9755 /* PostViewController.swift in Sources */,
				DFDE2A20292347B200F540B6 /* TextField.swift in Sources */,
				DF3F8ED429117EB0008B9755 /* ViewController.swift in Sources */,
				DFAAA5FD292789090090B5C9 /* PostVK.swift in Sources */,
				DF3F8ED029117EB0008B9755 /* AppDelegate.swift in Sources */,
				DF3F8EE629117F4C008B9755 /* FeedViewController.swift in Sources */,
				DFAAA5FF29278A290090B5C9 /* PostTableViewCell.swift in Sources */,
				DF3F8EE429117F2C008B9755 /* MainTabBarController.swift in Sources */,
				DF3F8EF329118224008B9755 /* ProfileViewController.swift in Sources */,
				DFAAA607292A15790090B5C9 /* Photo.swift in Sources */,
				DF3F8EF129118211008B9755 /* ProfileHeaderView.swift in Sources */,
				DFAAA605292A05750090B5C9 /* PhotosCollectionViewCell.swift in Sources */,
				DF3F8EEC29117F9D008B9755 /* InfoViewController.swift in Sources */,
				DF3F8ED229117EB0008B9755 /* SceneDelegate.swift in Sources */,
			);
			runOnlyForDeploymentPostprocessing = 0;
		};
		DFF120D1297167FF003FD98F /* Sources */ = {
			isa = PBXSourcesBuildPhase;
			buildActionMask = 2147483647;
			files = (
				DFF120D9297167FF003FD98F /* StorageService.docc in Sources */,
				DFF120E4297168D7003FD98F /* Post.swift in Sources */,
			);
			runOnlyForDeploymentPostprocessing = 0;
		};
/* End PBXSourcesBuildPhase section */

/* Begin PBXTargetDependency section */
		DFF120DC297167FF003FD98F /* PBXTargetDependency */ = {
			isa = PBXTargetDependency;
			target = DFF120D4297167FF003FD98F /* StorageService */;
			targetProxy = DFF120DB297167FF003FD98F /* PBXContainerItemProxy */;
		};
/* End PBXTargetDependency section */

/* Begin PBXVariantGroup section */
		DF3F8EDA29117EB5008B9755 /* LaunchScreen.storyboard */ = {
			isa = PBXVariantGroup;
			children = (
				DF3F8EDB29117EB5008B9755 /* Base */,
			);
			name = LaunchScreen.storyboard;
			sourceTree = "<group>";
		};
/* End PBXVariantGroup section */

/* Begin XCBuildConfiguration section */
		DF3F8EDE29117EB5008B9755 /* Debug */ = {
			isa = XCBuildConfiguration;
			buildSettings = {
				ALWAYS_SEARCH_USER_PATHS = NO;
				CLANG_ANALYZER_NONNULL = YES;
				CLANG_ANALYZER_NUMBER_OBJECT_CONVERSION = YES_AGGRESSIVE;
				CLANG_CXX_LANGUAGE_STANDARD = "gnu++20";
				CLANG_ENABLE_MODULES = YES;
				CLANG_ENABLE_OBJC_ARC = YES;
				CLANG_ENABLE_OBJC_WEAK = YES;
				CLANG_WARN_BLOCK_CAPTURE_AUTORELEASING = YES;
				CLANG_WARN_BOOL_CONVERSION = YES;
				CLANG_WARN_COMMA = YES;
				CLANG_WARN_CONSTANT_CONVERSION = YES;
				CLANG_WARN_DEPRECATED_OBJC_IMPLEMENTATIONS = YES;
				CLANG_WARN_DIRECT_OBJC_ISA_USAGE = YES_ERROR;
				CLANG_WARN_DOCUMENTATION_COMMENTS = YES;
				CLANG_WARN_EMPTY_BODY = YES;
				CLANG_WARN_ENUM_CONVERSION = YES;
				CLANG_WARN_INFINITE_RECURSION = YES;
				CLANG_WARN_INT_CONVERSION = YES;
				CLANG_WARN_NON_LITERAL_NULL_CONVERSION = YES;
				CLANG_WARN_OBJC_IMPLICIT_RETAIN_SELF = YES;
				CLANG_WARN_OBJC_LITERAL_CONVERSION = YES;
				CLANG_WARN_OBJC_ROOT_CLASS = YES_ERROR;
				CLANG_WARN_QUOTED_INCLUDE_IN_FRAMEWORK_HEADER = YES;
				CLANG_WARN_RANGE_LOOP_ANALYSIS = YES;
				CLANG_WARN_STRICT_PROTOTYPES = YES;
				CLANG_WARN_SUSPICIOUS_MOVE = YES;
				CLANG_WARN_UNGUARDED_AVAILABILITY = YES_AGGRESSIVE;
				CLANG_WARN_UNREACHABLE_CODE = YES;
				CLANG_WARN__DUPLICATE_METHOD_MATCH = YES;
				COPY_PHASE_STRIP = NO;
				DEBUG_INFORMATION_FORMAT = dwarf;
				ENABLE_STRICT_OBJC_MSGSEND = YES;
				ENABLE_TESTABILITY = YES;
				GCC_C_LANGUAGE_STANDARD = gnu11;
				GCC_DYNAMIC_NO_PIC = NO;
				GCC_NO_COMMON_BLOCKS = YES;
				GCC_OPTIMIZATION_LEVEL = 0;
				GCC_PREPROCESSOR_DEFINITIONS = (
					"DEBUG=1",
					"$(inherited)",
				);
				GCC_WARN_64_TO_32_BIT_CONVERSION = YES;
				GCC_WARN_ABOUT_RETURN_TYPE = YES_ERROR;
				GCC_WARN_UNDECLARED_SELECTOR = YES;
				GCC_WARN_UNINITIALIZED_AUTOS = YES_AGGRESSIVE;
				GCC_WARN_UNUSED_FUNCTION = YES;
				GCC_WARN_UNUSED_VARIABLE = YES;
				IPHONEOS_DEPLOYMENT_TARGET = 16.0;
				MTL_ENABLE_DEBUG_INFO = INCLUDE_SOURCE;
				MTL_FAST_MATH = YES;
				ONLY_ACTIVE_ARCH = YES;
				SDKROOT = iphoneos;
				SWIFT_ACTIVE_COMPILATION_CONDITIONS = DEBUG;
				SWIFT_OPTIMIZATION_LEVEL = "-Onone";
			};
			name = Debug;
		};
		DF3F8EDF29117EB5008B9755 /* Release */ = {
			isa = XCBuildConfiguration;
			buildSettings = {
				ALWAYS_SEARCH_USER_PATHS = NO;
				CLANG_ANALYZER_NONNULL = YES;
				CLANG_ANALYZER_NUMBER_OBJECT_CONVERSION = YES_AGGRESSIVE;
				CLANG_CXX_LANGUAGE_STANDARD = "gnu++20";
				CLANG_ENABLE_MODULES = YES;
				CLANG_ENABLE_OBJC_ARC = YES;
				CLANG_ENABLE_OBJC_WEAK = YES;
				CLANG_WARN_BLOCK_CAPTURE_AUTORELEASING = YES;
				CLANG_WARN_BOOL_CONVERSION = YES;
				CLANG_WARN_COMMA = YES;
				CLANG_WARN_CONSTANT_CONVERSION = YES;
				CLANG_WARN_DEPRECATED_OBJC_IMPLEMENTATIONS = YES;
				CLANG_WARN_DIRECT_OBJC_ISA_USAGE = YES_ERROR;
				CLANG_WARN_DOCUMENTATION_COMMENTS = YES;
				CLANG_WARN_EMPTY_BODY = YES;
				CLANG_WARN_ENUM_CONVERSION = YES;
				CLANG_WARN_INFINITE_RECURSION = YES;
				CLANG_WARN_INT_CONVERSION = YES;
				CLANG_WARN_NON_LITERAL_NULL_CONVERSION = YES;
				CLANG_WARN_OBJC_IMPLICIT_RETAIN_SELF = YES;
				CLANG_WARN_OBJC_LITERAL_CONVERSION = YES;
				CLANG_WARN_OBJC_ROOT_CLASS = YES_ERROR;
				CLANG_WARN_QUOTED_INCLUDE_IN_FRAMEWORK_HEADER = YES;
				CLANG_WARN_RANGE_LOOP_ANALYSIS = YES;
				CLANG_WARN_STRICT_PROTOTYPES = YES;
				CLANG_WARN_SUSPICIOUS_MOVE = YES;
				CLANG_WARN_UNGUARDED_AVAILABILITY = YES_AGGRESSIVE;
				CLANG_WARN_UNREACHABLE_CODE = YES;
				CLANG_WARN__DUPLICATE_METHOD_MATCH = YES;
				COPY_PHASE_STRIP = NO;
				DEBUG_INFORMATION_FORMAT = "dwarf-with-dsym";
				ENABLE_NS_ASSERTIONS = NO;
				ENABLE_STRICT_OBJC_MSGSEND = YES;
				GCC_C_LANGUAGE_STANDARD = gnu11;
				GCC_NO_COMMON_BLOCKS = YES;
				GCC_WARN_64_TO_32_BIT_CONVERSION = YES;
				GCC_WARN_ABOUT_RETURN_TYPE = YES_ERROR;
				GCC_WARN_UNDECLARED_SELECTOR = YES;
				GCC_WARN_UNINITIALIZED_AUTOS = YES_AGGRESSIVE;
				GCC_WARN_UNUSED_FUNCTION = YES;
				GCC_WARN_UNUSED_VARIABLE = YES;
				IPHONEOS_DEPLOYMENT_TARGET = 16.0;
				MTL_ENABLE_DEBUG_INFO = NO;
				MTL_FAST_MATH = YES;
				SDKROOT = iphoneos;
				SWIFT_COMPILATION_MODE = wholemodule;
				SWIFT_OPTIMIZATION_LEVEL = "-O";
				VALIDATE_PRODUCT = YES;
			};
			name = Release;
		};
		DF3F8EE129117EB5008B9755 /* Debug */ = {
			isa = XCBuildConfiguration;
			baseConfigurationReference = 42676BF37650372E0D270088 /* Pods-Navigation.debug.xcconfig */;
			buildSettings = {
				ALWAYS_EMBED_SWIFT_STANDARD_LIBRARIES = YES;
				ASSETCATALOG_COMPILER_APPICON_NAME = AppIcon;
				ASSETCATALOG_COMPILER_GLOBAL_ACCENT_COLOR_NAME = AccentColor;
				CODE_SIGN_STYLE = Automatic;
				CURRENT_PROJECT_VERSION = 1;
				GENERATE_INFOPLIST_FILE = YES;
				INFOPLIST_FILE = Navigation/Info.plist;
				INFOPLIST_KEY_UIApplicationSupportsIndirectInputEvents = YES;
				INFOPLIST_KEY_UILaunchStoryboardName = LaunchScreen;
				INFOPLIST_KEY_UISupportedInterfaceOrientations_iPad = "UIInterfaceOrientationPortrait UIInterfaceOrientationPortraitUpsideDown UIInterfaceOrientationLandscapeLeft UIInterfaceOrientationLandscapeRight";
				INFOPLIST_KEY_UISupportedInterfaceOrientations_iPhone = "UIInterfaceOrientationPortrait UIInterfaceOrientationLandscapeLeft UIInterfaceOrientationLandscapeRight";
				LD_RUNPATH_SEARCH_PATHS = (
					"$(inherited)",
					"@executable_path/Frameworks",
				);
				MARKETING_VERSION = 1.0;
				PRODUCT_BUNDLE_IDENTIFIER = netologia.Navigation;
				PRODUCT_NAME = "$(TARGET_NAME)";
				SWIFT_EMIT_LOC_STRINGS = YES;
				SWIFT_VERSION = 5.0;
				TARGETED_DEVICE_FAMILY = "1,2";
			};
			name = Debug;
		};
		DF3F8EE229117EB5008B9755 /* Release */ = {
			isa = XCBuildConfiguration;
			baseConfigurationReference = B393676D1A74A748CFEF5F04 /* Pods-Navigation.release.xcconfig */;
			buildSettings = {
				ALWAYS_EMBED_SWIFT_STANDARD_LIBRARIES = YES;
				ASSETCATALOG_COMPILER_APPICON_NAME = AppIcon;
				ASSETCATALOG_COMPILER_GLOBAL_ACCENT_COLOR_NAME = AccentColor;
				CODE_SIGN_STYLE = Automatic;
				CURRENT_PROJECT_VERSION = 1;
				GENERATE_INFOPLIST_FILE = YES;
				INFOPLIST_FILE = Navigation/Info.plist;
				INFOPLIST_KEY_UIApplicationSupportsIndirectInputEvents = YES;
				INFOPLIST_KEY_UILaunchStoryboardName = LaunchScreen;
				INFOPLIST_KEY_UISupportedInterfaceOrientations_iPad = "UIInterfaceOrientationPortrait UIInterfaceOrientationPortraitUpsideDown UIInterfaceOrientationLandscapeLeft UIInterfaceOrientationLandscapeRight";
				INFOPLIST_KEY_UISupportedInterfaceOrientations_iPhone = "UIInterfaceOrientationPortrait UIInterfaceOrientationLandscapeLeft UIInterfaceOrientationLandscapeRight";
				LD_RUNPATH_SEARCH_PATHS = (
					"$(inherited)",
					"@executable_path/Frameworks",
				);
				MARKETING_VERSION = 1.0;
				PRODUCT_BUNDLE_IDENTIFIER = netologia.Navigation;
				PRODUCT_NAME = "$(TARGET_NAME)";
				SWIFT_EMIT_LOC_STRINGS = YES;
				SWIFT_VERSION = 5.0;
				TARGETED_DEVICE_FAMILY = "1,2";
			};
			name = Release;
		};
		DFF120E0297167FF003FD98F /* Debug */ = {
			isa = XCBuildConfiguration;
			baseConfigurationReference = 802CE9FD6422342D3B6F6A1D /* Pods-StorageService.debug.xcconfig */;
			buildSettings = {
				CODE_SIGN_STYLE = Automatic;
				CURRENT_PROJECT_VERSION = 1;
				DEFINES_MODULE = YES;
				DYLIB_COMPATIBILITY_VERSION = 1;
				DYLIB_CURRENT_VERSION = 1;
				DYLIB_INSTALL_NAME_BASE = "@rpath";
				GENERATE_INFOPLIST_FILE = YES;
				INFOPLIST_KEY_NSHumanReadableCopyright = "";
				INSTALL_PATH = "$(LOCAL_LIBRARY_DIR)/Frameworks";
				LD_RUNPATH_SEARCH_PATHS = (
					"$(inherited)",
					"@executable_path/Frameworks",
					"@loader_path/Frameworks",
				);
				MARKETING_VERSION = 1.0;
				PRODUCT_BUNDLE_IDENTIFIER = netologia.StorageService;
				PRODUCT_NAME = "$(TARGET_NAME:c99extidentifier)";
				SKIP_INSTALL = YES;
				SWIFT_EMIT_LOC_STRINGS = YES;
				SWIFT_VERSION = 5.0;
				TARGETED_DEVICE_FAMILY = "1,2";
				VERSIONING_SYSTEM = "apple-generic";
				VERSION_INFO_PREFIX = "";
			};
			name = Debug;
		};
		DFF120E1297167FF003FD98F /* Release */ = {
			isa = XCBuildConfiguration;
			baseConfigurationReference = F894DB15FC66DED8742F7F0D /* Pods-StorageService.release.xcconfig */;
			buildSettings = {
				CODE_SIGN_STYLE = Automatic;
				CURRENT_PROJECT_VERSION = 1;
				DEFINES_MODULE = YES;
				DYLIB_COMPATIBILITY_VERSION = 1;
				DYLIB_CURRENT_VERSION = 1;
				DYLIB_INSTALL_NAME_BASE = "@rpath";
				GENERATE_INFOPLIST_FILE = YES;
				INFOPLIST_KEY_NSHumanReadableCopyright = "";
				INSTALL_PATH = "$(LOCAL_LIBRARY_DIR)/Frameworks";
				LD_RUNPATH_SEARCH_PATHS = (
					"$(inherited)",
					"@executable_path/Frameworks",
					"@loader_path/Frameworks",
				);
				MARKETING_VERSION = 1.0;
				PRODUCT_BUNDLE_IDENTIFIER = netologia.StorageService;
				PRODUCT_NAME = "$(TARGET_NAME:c99extidentifier)";
				SKIP_INSTALL = YES;
				SWIFT_EMIT_LOC_STRINGS = YES;
				SWIFT_VERSION = 5.0;
				TARGETED_DEVICE_FAMILY = "1,2";
				VERSIONING_SYSTEM = "apple-generic";
				VERSION_INFO_PREFIX = "";
			};
			name = Release;
		};
/* End XCBuildConfiguration section */

/* Begin XCConfigurationList section */
		DF3F8EC729117EB0008B9755 /* Build configuration list for PBXProject "Navigation" */ = {
			isa = XCConfigurationList;
			buildConfigurations = (
				DF3F8EDE29117EB5008B9755 /* Debug */,
				DF3F8EDF29117EB5008B9755 /* Release */,
			);
			defaultConfigurationIsVisible = 0;
			defaultConfigurationName = Release;
		};
		DF3F8EE029117EB5008B9755 /* Build configuration list for PBXNativeTarget "Navigation" */ = {
			isa = XCConfigurationList;
			buildConfigurations = (
				DF3F8EE129117EB5008B9755 /* Debug */,
				DF3F8EE229117EB5008B9755 /* Release */,
			);
			defaultConfigurationIsVisible = 0;
			defaultConfigurationName = Release;
		};
		DFF120DF297167FF003FD98F /* Build configuration list for PBXNativeTarget "StorageService" */ = {
			isa = XCConfigurationList;
			buildConfigurations = (
				DFF120E0297167FF003FD98F /* Debug */,
				DFF120E1297167FF003FD98F /* Release */,
			);
			defaultConfigurationIsVisible = 0;
			defaultConfigurationName = Release;
		};
/* End XCConfigurationList section */

/* Begin XCRemoteSwiftPackageReference section */
		DF2AC8BE2988043700037272 /* XCRemoteSwiftPackageReference "iOSIntPackage" */ = {
			isa = XCRemoteSwiftPackageReference;
			repositoryURL = "https://github.com/TrueMax/iOSIntPackage/";
			requirement = {
				kind = upToNextMajorVersion;
				minimumVersion = 2.0.0;
			};
		};
/* End XCRemoteSwiftPackageReference section */

/* Begin XCSwiftPackageProductDependency section */
		DF2AC8BF2988043700037272 /* iOSIntPackage */ = {
			isa = XCSwiftPackageProductDependency;
			package = DF2AC8BE2988043700037272 /* XCRemoteSwiftPackageReference "iOSIntPackage" */;
			productName = iOSIntPackage;
		};
/* End XCSwiftPackageProductDependency section */
	};
	rootObject = DF3F8EC429117EB0008B9755 /* Project object */;
}
